
Microsoft Visual Studio Solution File, Format Version 12.00
# Visual Studio Version 17
VisualStudioVersion = 17.9.34902.65
MinimumVisualStudioVersion = 10.0.40219.1
Project("{FAE04EC0-301F-11D3-BF4B-00C04F79EFBC}") = "EletronicProducts", "EletronicProducts.csproj", "{2D78AE26-625E-4313-A5A8-FD8711551F84}"
EndProject
Project("{FAE04EC0-301F-11D3-BF4B-00C04F79EFBC}") = "BLL", "..\BLL\BLL.csproj", "{7D4ACB66-AFDC-4451-AA41-6428220A5B73}"
EndProject
Project("{FAE04EC0-301F-11D3-BF4B-00C04F79EFBC}") = "DAL", "..\DAL\DAL.csproj", "{9E87550D-4864-4B1D-BB55-F8B876E23952}"
EndProject
Project("{FAE04EC0-301F-11D3-BF4B-00C04F79EFBC}") = "Entities", "..\Entities\Entities.csproj", "{C2F7F254-EF7D-474D-8947-0A12EF2C3BE3}"
EndProject
Global
	GlobalSection(SolutionConfigurationPlatforms) = preSolution
		Debug|Any CPU = Debug|Any CPU
		Release|Any CPU = Release|Any CPU
	EndGlobalSection
	GlobalSection(ProjectConfigurationPlatforms) = postSolution
		{2D78AE26-625E-4313-A5A8-FD8711551F84}.Debug|Any CPU.ActiveCfg = Debug|Any CPU
		{2D78AE26-625E-4313-A5A8-FD8711551F84}.Debug|Any CPU.Build.0 = Debug|Any CPU
		{2D78AE26-625E-4313-A5A8-FD8711551F84}.Release|Any CPU.ActiveCfg = Release|Any CPU
		{2D78AE26-625E-4313-A5A8-FD8711551F84}.Release|Any CPU.Build.0 = Release|Any CPU
		{7D4ACB66-AFDC-4451-AA41-6428220A5B73}.Debug|Any CPU.ActiveCfg = Debug|Any CPU
		{7D4ACB66-AFDC-4451-AA41-6428220A5B73}.Debug|Any CPU.Build.0 = Debug|Any CPU
		{7D4ACB66-AFDC-4451-AA41-6428220A5B73}.Release|Any CPU.ActiveCfg = Release|Any CPU
		{7D4ACB66-AFDC-4451-AA41-6428220A5B73}.Release|Any CPU.Build.0 = Release|Any CPU
		{9E87550D-4864-4B1D-BB55-F8B876E23952}.Debug|Any CPU.ActiveCfg = Debug|Any CPU
		{9E87550D-4864-4B1D-BB55-F8B876E23952}.Debug|Any CPU.Build.0 = Debug|Any CPU
		{9E87550D-4864-4B1D-BB55-F8B876E23952}.Release|Any CPU.ActiveCfg = Release|Any CPU
		{9E87550D-4864-4B1D-BB55-F8B876E23952}.Release|Any CPU.Build.0 = Release|Any CPU
		{C2F7F254-EF7D-474D-8947-0A12EF2C3BE3}.Debug|Any CPU.ActiveCfg = Debug|Any CPU
		{C2F7F254-EF7D-474D-8947-0A12EF2C3BE3}.Debug|Any CPU.Build.0 = Debug|Any CPU
		{C2F7F254-EF7D-474D-8947-0A12EF2C3BE3}.Release|Any CPU.ActiveCfg = Release|Any CPU
		{C2F7F254-EF7D-474D-8947-0A12EF2C3BE3}.Release|Any CPU.Build.0 = Release|Any CPU
	EndGlobalSection
	GlobalSection(SolutionProperties) = preSolution
		HideSolutionNode = FALSE
	EndGlobalSection
	GlobalSection(ExtensibilityGlobals) = postSolution
		SolutionGuid = {16FF5825-4482-4055-9ABD-50DA91AD0AA8}
	EndGlobalSection
EndGlobal
